
Microsoft Visual Studio Solution File, Format Version 12.00
# Visual Studio 15
VisualStudioVersion = 15.0.26124.0
MinimumVisualStudioVersion = 15.0.26124.0
Project("{FAE04EC0-301F-11D3-BF4B-00C04F79EFBC}") = "Komatiite.Tests", "Komatiite.Tests\Komatiite.Tests.csproj", "{8666B9E1-FBD3-4CF2-9AB3-A42338C5EF03}"
EndProject
Project("{FAE04EC0-301F-11D3-BF4B-00C04F79EFBC}") = "Komatiite", "Komatiite\Komatiite.csproj", "{38E0146B-A9D8-4CD6-BD7C-357D46813019}"
EndProject
Project("{FAE04EC0-301F-11D3-BF4B-00C04F79EFBC}") = "Komatiite.Cli", "Komatiite.Cli\Komatiite.Cli.csproj", "{3FE6F307-6E8A-4C57-87D0-944FD02CCCB3}"
EndProject
Global
	GlobalSection(SolutionConfigurationPlatforms) = preSolution
		Debug|Any CPU = Debug|Any CPU
		Debug|x64 = Debug|x64
		Debug|x86 = Debug|x86
		Release|Any CPU = Release|Any CPU
		Release|x64 = Release|x64
		Release|x86 = Release|x86
	EndGlobalSection
	GlobalSection(SolutionProperties) = preSolution
		HideSolutionNode = FALSE
	EndGlobalSection
	GlobalSection(ProjectConfigurationPlatforms) = postSolution
		{8666B9E1-FBD3-4CF2-9AB3-A42338C5EF03}.Debug|Any CPU.ActiveCfg = Debug|Any CPU
		{8666B9E1-FBD3-4CF2-9AB3-A42338C5EF03}.Debug|Any CPU.Build.0 = Debug|Any CPU
		{8666B9E1-FBD3-4CF2-9AB3-A42338C5EF03}.Debug|x64.ActiveCfg = Debug|Any CPU
		{8666B9E1-FBD3-4CF2-9AB3-A42338C5EF03}.Debug|x64.Build.0 = Debug|Any CPU
		{8666B9E1-FBD3-4CF2-9AB3-A42338C5EF03}.Debug|x86.ActiveCfg = Debug|Any CPU
		{8666B9E1-FBD3-4CF2-9AB3-A42338C5EF03}.Debug|x86.Build.0 = Debug|Any CPU
		{8666B9E1-FBD3-4CF2-9AB3-A42338C5EF03}.Release|Any CPU.ActiveCfg = Release|Any CPU
		{8666B9E1-FBD3-4CF2-9AB3-A42338C5EF03}.Release|Any CPU.Build.0 = Release|Any CPU
		{8666B9E1-FBD3-4CF2-9AB3-A42338C5EF03}.Release|x64.ActiveCfg = Release|Any CPU
		{8666B9E1-FBD3-4CF2-9AB3-A42338C5EF03}.Release|x64.Build.0 = Release|Any CPU
		{8666B9E1-FBD3-4CF2-9AB3-A42338C5EF03}.Release|x86.ActiveCfg = Release|Any CPU
		{8666B9E1-FBD3-4CF2-9AB3-A42338C5EF03}.Release|x86.Build.0 = Release|Any CPU
		{38E0146B-A9D8-4CD6-BD7C-357D46813019}.Debug|Any CPU.ActiveCfg = Debug|Any CPU
		{38E0146B-A9D8-4CD6-BD7C-357D46813019}.Debug|Any CPU.Build.0 = Debug|Any CPU
		{38E0146B-A9D8-4CD6-BD7C-357D46813019}.Debug|x64.ActiveCfg = Debug|Any CPU
		{38E0146B-A9D8-4CD6-BD7C-357D46813019}.Debug|x64.Build.0 = Debug|Any CPU
		{38E0146B-A9D8-4CD6-BD7C-357D46813019}.Debug|x86.ActiveCfg = Debug|Any CPU
		{38E0146B-A9D8-4CD6-BD7C-357D46813019}.Debug|x86.Build.0 = Debug|Any CPU
		{38E0146B-A9D8-4CD6-BD7C-357D46813019}.Release|Any CPU.ActiveCfg = Release|Any CPU
		{38E0146B-A9D8-4CD6-BD7C-357D46813019}.Release|Any CPU.Build.0 = Release|Any CPU
		{38E0146B-A9D8-4CD6-BD7C-357D46813019}.Release|x64.ActiveCfg = Release|Any CPU
		{38E0146B-A9D8-4CD6-BD7C-357D46813019}.Release|x64.Build.0 = Release|Any CPU
		{38E0146B-A9D8-4CD6-BD7C-357D46813019}.Release|x86.ActiveCfg = Release|Any CPU
		{38E0146B-A9D8-4CD6-BD7C-357D46813019}.Release|x86.Build.0 = Release|Any CPU
		{3FE6F307-6E8A-4C57-87D0-944FD02CCCB3}.Debug|Any CPU.ActiveCfg = Debug|Any CPU
		{3FE6F307-6E8A-4C57-87D0-944FD02CCCB3}.Debug|Any CPU.Build.0 = Debug|Any CPU
		{3FE6F307-6E8A-4C57-87D0-944FD02CCCB3}.Debug|x64.ActiveCfg = Debug|Any CPU
		{3FE6F307-6E8A-4C57-87D0-944FD02CCCB3}.Debug|x64.Build.0 = Debug|Any CPU
		{3FE6F307-6E8A-4C57-87D0-944FD02CCCB3}.Debug|x86.ActiveCfg = Debug|Any CPU
		{3FE6F307-6E8A-4C57-87D0-944FD02CCCB3}.Debug|x86.Build.0 = Debug|Any CPU
		{3FE6F307-6E8A-4C57-87D0-944FD02CCCB3}.Release|Any CPU.ActiveCfg = Release|Any CPU
		{3FE6F307-6E8A-4C57-87D0-944FD02CCCB3}.Release|Any CPU.Build.0 = Release|Any CPU
		{3FE6F307-6E8A-4C57-87D0-944FD02CCCB3}.Release|x64.ActiveCfg = Release|Any CPU
		{3FE6F307-6E8A-4C57-87D0-944FD02CCCB3}.Release|x64.Build.0 = Release|Any CPU
		{3FE6F307-6E8A-4C57-87D0-944FD02CCCB3}.Release|x86.ActiveCfg = Release|Any CPU
		{3FE6F307-6E8A-4C57-87D0-944FD02CCCB3}.Release|x86.Build.0 = Release|Any CPU
	EndGlobalSection
EndGlobal
